github.com/GoogleChrome/workbox v7.0.0+incompatible h1:/bqYzSkS1O9leTJ8kT0v9d61ANMJKt+GemdhmcaSB9c=
github.com/GoogleChrome/workbox v7.0.0+incompatible/go.mod h1:dyEoGLpJeO43pUVJb+nNNr1WRgoF81hNEl4UGLV+yow=
github.com/KaTeX/KaTeX v0.16.9 h1:4VYWM2nMSCfOPi63mTRJYQs0UmZPGTx3noiQ/vJu9Rk=
github.com/KaTeX/KaTeX v0.16.9/go.mod h1:VI+aE+CVs/VqtbHnuhstfQST46GmrwpXH7LQAzYIouw=
github.com/hbstack/base v0.4.1 h1:rRmnQonYwixoo/MzDAGOH5S1aIB6/ArPRueRDil0cnc=
github.com/hbstack/base v0.4.1/go.mod h1:ihI8NSFogNNXLpt7vWEYTGgSWE9UvgnfyFKJqmyOauU=
github.com/hbstack/blog/modules/content-panel v0.1.21 h1:g43IVjn3O6QCQSvCbgr9iYCgZcI5XG8YAiuVPb269Ok=
github.com/hbstack/blog/modules/content-panel v0.1.21/go.mod h1:fVnvVtnfo3R78jnGLgckfC43j7rYMMN+l1PhU9E6Jas=
github.com/hbstack/blog/modules/sidebar/posts v0.7.0 h1:xy70nHr/Qznc1Xmmn2RJdmxK8imXx9G6LPAPFkwzSLg=
github.com/hbstack/blog/modules/sidebar/posts v0.7.0/go.mod h1:jmdYFY1EtH74KWOS89xnCowNtaEkkhI6G/vHJaT6OJ0=
github.com/hbstack/blog/modules/sidebar/profile v1.1.5 h1:e546kxltRyQj/A8bp2SBjm8LIQwZN45qK5V+5zU67nM=
github.com/hbstack/blog/modules/sidebar/profile v1.1.5/go.mod h1:DY8Vqs6jGrRAYP/hnazG0Eao1l+5OUz3CtcUEfFf5u4=
github.com/hbstack/blog/modules/sidebar/taxonomies v0.4.0 h1:0wdAtJi3gZ3e3HTEJNo7IDieQjZuRF8GDOlMxy2XJ5E=
github.com/hbstack/blog/modules/sidebar/taxonomies v0.4.0/go.mod h1:4u8cA6erhu3ddE9lUaiAlOSTEsD7PsmM4WKni/zCIjI=
github.com/hbstack/blog/modules/toc-scrollspy v0.1.20 h1:DnN7Vl7rvsl5pPRpwcMkW9hQgCaO7mASLd778VLQOHI=
github.com/hbstack/blog/modules/toc-scrollspy v0.1.20/go.mod h1:Ord7TP0ZP4C+l6a83oEAvPyTOnnGsmrIC26MTJaKYmI=
github.com/hbstack/breadcrumb v0.6.0 h1:2IZJQSARImGXlX1sTp5XJQhpVWmp1095CAeM2hnK000=
github.com/hbstack/breadcrumb v0.6.0/go.mod h1:ToD1n+vdG4bfhyresQV7aoV3OUuNk4huw2hFu+0xdfc=
github.com/hbstack/carousel v0.2.4 h1:OkMRqyhklJBMbOXo8p/dsS+iQVQTrMUI7Jfm13Js3L4=
github.com/hbstack/carousel v0.2.4/go.mod h1:AchKlXiqYNZouE3Ee/VSSQle2FUZV5CJgTnPBFI7Gj0=
github.com/hbstack/featured-image v0.1.2 h1:Bc/deRi++p4rmoM8SWwgVR8sLpaythdceZYqPM5RGYQ=
github.com/hbstack/featured-image v0.1.2/go.mod h1:zVzCNnwRWcxv9mdrUooPigdIGBFqD1RUPUcGxrKiTVM=
github.com/hbstack/hb v0.8.1 h1:LmQMH44l0YshYrBolaPRywS7r60aa3doA9gKa4sJYGY=
github.com/hbstack/hb v0.8.1/go.mod h1:Z+gW6UsRwuivPcqqEb67h7vSQwSCWOr7KxNXkhcsEzM=
github.com/hbstack/heading-sign v0.1.3 h1:bkyBAwTETrbLqPBM89EuSscgLt2MOrmEPSeooeR0Jfc=
github.com/hbstack/heading-sign v0.1.3/go.mod h1:uR6DdjYDoLDFanc8kSglEe/08GyNyQBmyNEJ6Z1KRAg=
github.com/hbstack/meta/recommended v0.2.10 h1:RzRe2LT/lJxlsfGv5UzYC3onl7lp1VWbCm1jAb69kSw=
github.com/hbstack/meta/recommended v0.2.10/go.mod h1:OdGN+zqdgFbet5A6XrfjaTNUTd5L91rOUNRJxgq38fo=
github.com/hbstack/pagination v0.6.0 h1:sUirQEsW9ZmRU0GxlsE2pN7ZYghI4aqJYgfWAgd+iys=
github.com/hbstack/pagination v0.6.0/go.mod h1:xAvZzN0UZW0j/IAUipcRIIQ7P9Sq44M3k47HaHy7OuU=
github.com/hbstack/snackbar v0.1.2 h1:/9R2CdWnLcOBobxzdpe30cgM1gcKJAXtbVbZtp2pgmY=
github.com/hbstack/snackbar v0.1.2/go.mod h1:4uZSGpI9ZtR9by0bA8yJW2y61sRks2W4a8VvyMluXuo=
github.com/hbstack/syntax-highlighting v0.2.0 h1:BP5SR/AbVlJyAFtVdgYjeqVZKmncEmuplTR5R2AUbw8=
github.com/hbstack/syntax-highlighting v0.2.0/go.mod h1:6IoaM+tSIkKZblIrT1i5L3zVH68nt4UScU9JB30FQsc=
github.com/hbstack/syntax-highlighting/styles/github-dark v0.1.1 h1:2epjvfTmU0fE22fmffvTG+i7cxwotramVeYiRrhHAhY=
github.com/hbstack/syntax-highlighting/styles/github-dark v0.1.1/go.mod h1:Ho2j01IBLlAuDygUcVsOXUwPJ/Q4aL769sWa/pri1Mc=
github.com/henrygd/bigger-picture v1.1.13 h1:J9ABjwQjk+AHb3ZXwFFTuYcj3ToMWYsxmXTxN8OL9vk=
github.com/henrygd/bigger-picture v1.1.13/go.mod h1:LayqbjDNNsZH+ZXklmjBe5T02qxpH9Cah/ygAraOBIk=
github.com/hugomods/bootstrap v0.15.0 h1:00+Lkt6zJO71aN5MspuwAM50VwbQsM8P2QlLLUt7EPw=
github.com/hugomods/bootstrap v0.15.0/go.mod h1:uieaNCwD8ajNXjXmvCGoV0DluFraEn2h8WzXhwtmkig=
github.com/hugomods/code-block-panel v0.5.0 h1:IjlVQZJccs02x0TaNxsLR4S2PRyzy3tBXE3nFT2vJxA=
github.com/hugomods/code-block-panel v0.5.0/go.mod h1:3J9yUxaShbhYvFFZbGVHcBoHPl6TUKLL3f2fTsnVNNg=
github.com/hugomods/google-analytics v0.2.0 h1:ziRPsDMYKAmvfl6ofthJdmXq0w10yxNKI/dF0vbcX0k=
github.com/hugomods/google-analytics v0.2.0/go.mod h1:Q89C3HmPHn2m2VT1INfnLwkpDyyYRLRIPitLA/aFIy8=
github.com/hugomods/gravatar v0.2.0 h1:642HNhGN7Mw7qefNcUFJKzLoT2zJKt4IQkrS53mIUfA=
github.com/hugomods/gravatar v0.2.0/go.mod h1:oATWuh5u2XUK/ZKzOD0VEP5I/TZfVZwplTyhT61Q4Fc=
github.com/hugomods/icons/vendors/font-awesome v0.6.1 h1:MyYF67fPthN4EDkT/IwY0ydowxzE6J/oKFTltOCY2vY=
github.com/hugomods/icons/vendors/font-awesome v0.6.1/go.mod h1:kmMci4qX8yTQPT28sskzKRudJiQAAiZZugjNbkakRhk=
github.com/hugomods/idb-js v0.1.0 h1:mA6hEGtR0aFEdmq9zYMGpfSpCU6SMilx9RzC4uK3DqY=
github.com/hugomods/idb-js v0.1.0/go.mod h1:GPfnmr+BQpP4s6Epd4Yu+RlUog8q/Djw8qy8BZFWZ04=
github.com/hugomods/images v0.8.3 h1:tvccLmr4ydDw2rWtfRJUuXbDMYzoK9eB2HRTfVFi8to=
github.com/hugomods/images v0.8.3/go.mod h1:U6Gwj16LKvk66rOMyGFrnF6f0aV8lT89lqOsckOAjYY=
github.com/hugomods/mermaid v0.1.1 h1:12b8DbdiKOTtPmkWOMXsBz3LKkAWVqa5tGkbEboj0a4=
github.com/hugomods/mermaid v0.1.1/go.mod h1:7sKIZLAeYsXXnKRh4KR70UQx27xnzf0mSQ2o99zTLS0=
github.com/hugomods/pwa v0.7.0 h1:4m8WTkWSEWi2FCnfHMJm1ZbcAPbPbHElh2gepPzfM3A=
github.com/hugomods/pwa v0.7.0/go.mod h1:KpYK2Ffn969+Py5SzV3+iXYase4UoUeRAsd9jY7Q2Us=
github.com/hugomods/search v0.8.3 h1:IIeU8Xw5t+SRYwpX08NjROt+YtDtWjjW0Xa00nEaYVs=
github.com/hugomods/search v0.8.3/go.mod h1:FURp5HBUm8JiuJajLk9sZ1Z1QUSJATboYEp1sFi46a4=
github.com/hugomods/simple-icons v10.4.0+incompatible h1:ddkpJhI+76GK0WLiyLKVd0xrJoQaEx9Fhfqn2jsbW7w=
github.com/hugomods/simple-icons v10.4.0+incompatible/go.mod h1:1Lvymol7AMVY7ji/o88jMoDHHZIJ5Wc+WwNe5hjmk+U=
github.com/krisk/Fuse v7.0.0+incompatible h1:jVyg6No+Joc51Rn97QQYJZIpCxzd4ywACn/4+FKWjvo=
github.com/krisk/Fuse v7.0.0+incompatible/go.mod h1:3moWv8rDjwoKic9nwiPLgZjldkbdTAbtzJHCu/Vsj4A=
