github.com/GoogleChrome/workbox v7.0.0+incompatible h1:/bqYzSkS1O9leTJ8kT0v9d61ANMJKt+GemdhmcaSB9c=
github.com/GoogleChrome/workbox v7.0.0+incompatible/go.mod h1:dyEoGLpJeO43pUVJb+nNNr1WRgoF81hNEl4UGLV+yow=
github.com/KaTeX/KaTeX v0.16.8 h1:9LCA6ID4GvsBrGYdLtc3+zJ0wYuHwQyf7qkr1tEowSg=
github.com/KaTeX/KaTeX v0.16.8/go.mod h1:VI+aE+CVs/VqtbHnuhstfQST46GmrwpXH7LQAzYIouw=
github.com/gohugoio/hugo-mod-jslibs-dist/popperjs/v2 v2.21100.20000 h1:GZxx4Hc+yb0/t3/rau1j8XlAxLE4CyXns2fqQbyqWfs=
github.com/gohugoio/hugo-mod-jslibs-dist/popperjs/v2 v2.21100.20000/go.mod h1:mFberT6ZtcchrsDtfvJM7aAH2bDKLdOnruUHl0hlapI=
github.com/hbstack/base v0.2.1 h1:u3lkO9MhjA6HomkJ6hzt0R7sA0u330bo6lbxVrF1FiI=
github.com/hbstack/base v0.2.1/go.mod h1:6SqazoH3UBSuwSHV1kyEDWcIJg+Cef++w8p45VSsSHQ=
github.com/hbstack/blog v0.15.7 h1:B+uKSPfrJgBgXfqZNzCCV3OsCBOgdeeZ+DIuccLpnoc=
github.com/hbstack/blog/modules/content-panel v0.1.12 h1:0iaf+bpw7QG2Y6alqEFVCIYSCbdY794rb/7SzTV0CUM=
github.com/hbstack/blog/modules/content-panel v0.1.12/go.mod h1:q+0yFyYokRpqTEPPt+4dNIagqezE/xf+IQknci7Kt9Q=
github.com/hbstack/blog/modules/sidebar/posts v0.3.4 h1:RrgDzq7ElWB/i6solLLIv2XE1t/qd9TmCea53qkHlP4=
github.com/hbstack/blog/modules/sidebar/posts v0.3.4/go.mod h1:kx4WOQKpVXY9TVOytMHyunW5dNcCu563Rmw23GX/P2w=
github.com/hbstack/blog/modules/sidebar/taxonomies v0.3.4 h1:d0m1YcSsMQrlprY/iN/qr6v43xlc5TXiIE2qNt5hlFI=
github.com/hbstack/blog/modules/sidebar/taxonomies v0.3.4/go.mod h1:9Gy0AGtLqa1TWwkAtQCio9HiRJNzpCYZBWLiKw99KWM=
github.com/hbstack/blog/modules/toc-scrollspy v0.1.11 h1:1YL/EIG+EHegGI0nGR4V0B+Bpai3xhAAR5L0clofUF0=
github.com/hbstack/blog/modules/toc-scrollspy v0.1.11/go.mod h1:s+MyTyN/m7wCPU2Fg+YkdmGBCFxZmcRoRzvbHFInq1Q=
github.com/hbstack/breadcrumb v0.2.0 h1:MFdVkfSMHkGaLGwp8lwcYYQuorpWzB6S/WOmblSlW9o=
github.com/hbstack/breadcrumb v0.2.0/go.mod h1:/HsyKPMkXaairW/Ws6tGlc1Zf1DEmjp/v7d2QkY/UC4=
github.com/hbstack/carousel v0.2.3 h1:4jCjvd2+MDm9sAp3FOtPVa06JmnNLdfBRTxtkyrXl/M=
github.com/hbstack/carousel v0.2.3/go.mod h1:BUoUKVTPOSoE2iCJABFoCURetHa6OCw6r+gr5DBYavo=
github.com/hbstack/content-panel v0.2.2 h1:gQLxbG2VQp9AIog6EPm5Ik8dJvAu5hT7PmOX0pXeWu8=
github.com/hbstack/content-panel v0.2.2/go.mod h1:3ULgfai6RGTGpd7+pS+eeZSZr2qKgofonncXSEIpz8M=
github.com/hbstack/featured-image v0.1.1 h1:suNZO1qFjyAk1XXE5vzwTj2TePWqYTCKsI3Gp2S4wNw=
github.com/hbstack/featured-image v0.1.1/go.mod h1:JniIDVMJnbvsR5cVVhsCpTMlvquZwo//pgbL5iyYWTA=
github.com/hbstack/hb v0.7.1 h1:bnlE/KrhOKADI5aydZG822kT1o9QR8I8TdOWugqaMJE=
github.com/hbstack/hb v0.7.1/go.mod h1:S/08mx1tK6yxjQIkSqvpqG8HrBzMBDJq1WC5QjXW9p0=
github.com/hbstack/heading-sign v0.1.3 h1:bkyBAwTETrbLqPBM89EuSscgLt2MOrmEPSeooeR0Jfc=
github.com/hbstack/heading-sign v0.1.3/go.mod h1:uR6DdjYDoLDFanc8kSglEe/08GyNyQBmyNEJ6Z1KRAg=
github.com/hbstack/meta/recommended v0.2.8 h1:7B568/MmyuLoqlT5QYnUR2AHN/GDfjBITh2T4Fq3Bzk=
github.com/hbstack/meta/recommended v0.2.8/go.mod h1:0AryzThnQpmoqZ4F2B14moR3AyawyLGOjL7vR+UnVKI=
github.com/hbstack/pagination v0.2.0 h1:1TKy5bLrwkIxHJPLjK+k6Ws9ZO6Lg2ppP+Z1iVvDoAw=
github.com/hbstack/pagination v0.2.0/go.mod h1:IwCFgkfkXMVjudqJ8nHcwQLlXmwx0MRtNFOCd+0I3Vw=
github.com/hbstack/snackbar v0.1.2 h1:/9R2CdWnLcOBobxzdpe30cgM1gcKJAXtbVbZtp2pgmY=
github.com/hbstack/snackbar v0.1.2/go.mod h1:4uZSGpI9ZtR9by0bA8yJW2y61sRks2W4a8VvyMluXuo=
github.com/hbstack/socials v0.4.0 h1:fB7UDO5CGIekIkQrVWTi2p69GyuVYivAGOGhTshkhNQ=
github.com/hbstack/socials v0.4.0/go.mod h1:G6kI6asbxorXM2lXZgAdqWb2BvNX2CNJP4Ek6x8wwRs=
github.com/hbstack/syntax-highlighting v0.1.0 h1:WxdhNgCktllNKQDqu1BmLmg9dsi77/dXIlcdQ8KZZI0=
github.com/hbstack/syntax-highlighting v0.1.0/go.mod h1:6IoaM+tSIkKZblIrT1i5L3zVH68nt4UScU9JB30FQsc=
github.com/hbstack/syntax-highlighting/styles/github-dark v0.1.0 h1:zZmB4BehiHeP4oKuzhfOi5R8EdLm/6XH8JLZyN7TB2k=
github.com/hbstack/syntax-highlighting/styles/github-dark v0.1.0/go.mod h1:Ho2j01IBLlAuDygUcVsOXUwPJ/Q4aL769sWa/pri1Mc=
github.com/henrygd/bigger-picture v1.1.11 h1:8WmCgEV5xb35Neg8gyAvEOU5hPU8rHmt6YUlX1mHNHY=
github.com/henrygd/bigger-picture v1.1.11/go.mod h1:LayqbjDNNsZH+ZXklmjBe5T02qxpH9Cah/ygAraOBIk=
github.com/hugomods/bootstrap v0.11.2 h1:ChaQNgmSezevVauKP/dCum3725IVFmK344YxgVIPLI4=
github.com/hugomods/bootstrap v0.11.2/go.mod h1:NVii94xgqDocyD0+aAWamBLPJjNspfMynEdmIOXO3Vs=
github.com/hugomods/code-block-panel v0.2.0 h1:vSZfriVuK34Z9k7710g1tr7tZPv26VYPXio5bYmaz24=
github.com/hugomods/code-block-panel v0.2.0/go.mod h1:sbl/NT0TZqHagnW8NWB690lDBGyY5r2dx6xpR17QSq4=
github.com/hugomods/gravatar v0.2.0 h1:642HNhGN7Mw7qefNcUFJKzLoT2zJKt4IQkrS53mIUfA=
github.com/hugomods/gravatar v0.2.0/go.mod h1:oATWuh5u2XUK/ZKzOD0VEP5I/TZfVZwplTyhT61Q4Fc=
github.com/hugomods/icons v0.6.0 h1:G6RU93okhPPRDh/jqcew9gwkcYpSpg0rCBv4S6yUAFw=
github.com/hugomods/icons v0.6.0/go.mod h1:cIkSvK6W0q6N4U6n9KGz+QfRWQXAW0INd+1P31gPNGg=
github.com/hugomods/icons/vendors/font-awesome v0.6.1 h1:MyYF67fPthN4EDkT/IwY0ydowxzE6J/oKFTltOCY2vY=
github.com/hugomods/icons/vendors/font-awesome v0.6.1/go.mod h1:kmMci4qX8yTQPT28sskzKRudJiQAAiZZugjNbkakRhk=
github.com/hugomods/idb-js v0.1.0 h1:mA6hEGtR0aFEdmq9zYMGpfSpCU6SMilx9RzC4uK3DqY=
github.com/hugomods/idb-js v0.1.0/go.mod h1:GPfnmr+BQpP4s6Epd4Yu+RlUog8q/Djw8qy8BZFWZ04=
github.com/hugomods/images v0.7.0 h1:NEGgCSrh1YuHGmTAL9wDAKLdXL4WU6Nw4BfkampJxyM=
github.com/hugomods/images v0.7.0/go.mod h1:U6Gwj16LKvk66rOMyGFrnF6f0aV8lT89lqOsckOAjYY=
github.com/hugomods/mermaid v0.1.1 h1:12b8DbdiKOTtPmkWOMXsBz3LKkAWVqa5tGkbEboj0a4=
github.com/hugomods/mermaid v0.1.1/go.mod h1:7sKIZLAeYsXXnKRh4KR70UQx27xnzf0mSQ2o99zTLS0=
github.com/hugomods/pwa v0.3.2 h1:4+Csk+wJcv+nzrz8kyrpYmtaAw3MFpAAs3WR5b2OwuI=
github.com/hugomods/pwa v0.3.2/go.mod h1:22AYzuQ64DKY2WJAytKqRKC2BIFc6j39Jo8tTQE+6Xc=
github.com/hugomods/search v0.4.5 h1:RC7OTkEAQjh49/SCh5Gw0+RFzeTDE+6J5XqMixVY6mw=
github.com/hugomods/search v0.4.5/go.mod h1:xdMNL0R06eMDyl8LVoFNp19lnFSNMFT+oje8j8N/WbI=
github.com/hugomods/simple-icons v9.13.0+incompatible h1:P2b8HxGuqaN3Sng04jM6TMtnJS851bKqlRYWR8Pe7VU=
github.com/hugomods/simple-icons v9.13.0+incompatible/go.mod h1:1Lvymol7AMVY7ji/o88jMoDHHZIJ5Wc+WwNe5hjmk+U=
github.com/krisk/Fuse v6.6.2+incompatible h1:laigOpZFs/xUi9zGjVu5t19bcvzRVufoXCnPSgQZmYI=
github.com/krisk/Fuse v6.6.2+incompatible/go.mod h1:3moWv8rDjwoKic9nwiPLgZjldkbdTAbtzJHCu/Vsj4A=
